
Microsoft Visual Studio Solution File, Format Version 12.00
# Visual Studio Version 17
VisualStudioVersion = 17.11.35219.272
MinimumVisualStudioVersion = 10.0.40219.1
Project("{FAE04EC0-301F-11D3-BF4B-00C04F79EFBC}") = "CoffeeSuppliersApplication", "CoffeeSuppliersApplication\CoffeeSuppliersApplication.csproj", "{09DBDEE9-C162-4AF7-B1F7-07268B362531}"
EndProject
Project("{FAE04EC0-301F-11D3-BF4B-00C04F79EFBC}") = "DataAccessLayer", "DataAccessLayer\DataAccessLayer.csproj", "{C224A84A-D219-4A7F-BAD1-76311414233B}"
EndProject
Global
	GlobalSection(SolutionConfigurationPlatforms) = preSolution
		Debug|Any CPU = Debug|Any CPU
		Release|Any CPU = Release|Any CPU
	EndGlobalSection
	GlobalSection(ProjectConfigurationPlatforms) = postSolution
		{09DBDEE9-C162-4AF7-B1F7-07268B362531}.Debug|Any CPU.ActiveCfg = Debug|Any CPU
		{09DBDEE9-C162-4AF7-B1F7-07268B362531}.Debug|Any CPU.Build.0 = Debug|Any CPU
		{09DBDEE9-C162-4AF7-B1F7-07268B362531}.Release|Any CPU.ActiveCfg = Release|Any CPU
		{09DBDEE9-C162-4AF7-B1F7-07268B362531}.Release|Any CPU.Build.0 = Release|Any CPU
		{C224A84A-D219-4A7F-BAD1-76311414233B}.Debug|Any CPU.ActiveCfg = Debug|Any CPU
		{C224A84A-D219-4A7F-BAD1-76311414233B}.Debug|Any CPU.Build.0 = Debug|Any CPU
		{C224A84A-D219-4A7F-BAD1-76311414233B}.Release|Any CPU.ActiveCfg = Release|Any CPU
		{C224A84A-D219-4A7F-BAD1-76311414233B}.Release|Any CPU.Build.0 = Release|Any CPU
	EndGlobalSection
	GlobalSection(SolutionProperties) = preSolution
		HideSolutionNode = FALSE
	EndGlobalSection
	GlobalSection(ExtensibilityGlobals) = postSolution
		SolutionGuid = {1ADA14F1-857C-4D05-BE88-FBEB4477F723}
	EndGlobalSection
EndGlobal
